
Microsoft Visual Studio Solution File, Format Version 12.00
# Visual Studio Version 17
VisualStudioVersion = 17.1.32210.238
MinimumVisualStudioVersion = 10.0.40219.1
Project("{FAE04EC0-301F-11D3-BF4B-00C04F79EFBC}") = "Chart", "Chart.csproj", "{46E7DDB4-26ED-4AF7-8560-2019E8079D29}"
EndProject
Global
	GlobalSection(SolutionConfigurationPlatforms) = preSolution
		Debug|Any CPU = Debug|Any CPU
		Release|Any CPU = Release|Any CPU
	EndGlobalSection
	GlobalSection(ProjectConfigurationPlatforms) = postSolution
		{46E7DDB4-26ED-4AF7-8560-2019E8079D29}.Debug|Any CPU.ActiveCfg = Debug|Any CPU
		{46E7DDB4-26ED-4AF7-8560-2019E8079D29}.Debug|Any CPU.Build.0 = Debug|Any CPU
		{46E7DDB4-26ED-4AF7-8560-2019E8079D29}.Release|Any CPU.ActiveCfg = Release|Any CPU
		{46E7DDB4-26ED-4AF7-8560-2019E8079D29}.Release|Any CPU.Build.0 = Release|Any CPU
	EndGlobalSection
	GlobalSection(SolutionProperties) = preSolution
		HideSolutionNode = FALSE
	EndGlobalSection
	GlobalSection(ExtensibilityGlobals) = postSolution
		SolutionGuid = {286921E2-DC9E-459E-9A2D-F990AD376DB3}
	EndGlobalSection
EndGlobal
